// !$*UTF8*$!
{
	archiveVersion = 1;
	classes = {
	};
	objectVersion = 48;
	objects = {

/* Begin PBXBuildFile section */
		2174714F1FF327D30044F7FE /* AppDelegate.swift in Sources */ = {isa = PBXBuildFile; fileRef = 2174714E1FF327D30044F7FE /* AppDelegate.swift */; };
		217471511FF327D30044F7FE /* ViewController.swift in Sources */ = {isa = PBXBuildFile; fileRef = 217471501FF327D30044F7FE /* ViewController.swift */; };
		217471561FF327D30044F7FE /* Assets.xcassets in Resources */ = {isa = PBXBuildFile; fileRef = 217471551FF327D30044F7FE /* Assets.xcassets */; };
		217471591FF327D30044F7FE /* LaunchScreen.storyboard in Resources */ = {isa = PBXBuildFile; fileRef = 217471571FF327D30044F7FE /* LaunchScreen.storyboard */; };
		217471741FF327EC0044F7FE /* JTAppleCalendarView.swift in Sources */ = {isa = PBXBuildFile; fileRef = 217471611FF327EC0044F7FE /* JTAppleCalendarView.swift */; };
		217471751FF327EC0044F7FE /* UserInteractionFunctions.swift in Sources */ = {isa = PBXBuildFile; fileRef = 217471621FF327EC0044F7FE /* UserInteractionFunctions.swift */; };
		217471761FF327EC0044F7FE /* Info-iOS.plist in Resources */ = {isa = PBXBuildFile; fileRef = 217471631FF327EC0044F7FE /* Info-iOS.plist */; };
		217471771FF327EC0044F7FE /* JTAppleCalendarLayoutProtocol.swift in Sources */ = {isa = PBXBuildFile; fileRef = 217471641FF327EC0044F7FE /* JTAppleCalendarLayoutProtocol.swift */; };
		217471781FF327EC0044F7FE /* InternalActionFunctions.swift in Sources */ = {isa = PBXBuildFile; fileRef = 217471651FF327EC0044F7FE /* InternalActionFunctions.swift */; };
		217471791FF327EC0044F7FE /* JTAppleCollectionReusableView.swift in Sources */ = {isa = PBXBuildFile; fileRef = 217471661FF327EC0044F7FE /* JTAppleCollectionReusableView.swift */; };
		2174717A1FF327EC0044F7FE /* JTAppleCalendarDelegateProtocol.swift in Sources */ = {isa = PBXBuildFile; fileRef = 217471671FF327EC0044F7FE /* JTAppleCalendarDelegateProtocol.swift */; };
		2174717B1FF327EC0044F7FE /* JTCalendarProtocols.swift in Sources */ = {isa = PBXBuildFile; fileRef = 217471681FF327EC0044F7FE /* JTCalendarProtocols.swift */; };
		2174717C1FF327EC0044F7FE /* CalendarStructs.swift in Sources */ = {isa = PBXBuildFile; fileRef = 217471691FF327EC0044F7FE /* CalendarStructs.swift */; };
		2174717D1FF327EC0044F7FE /* CalendarEnums.swift in Sources */ = {isa = PBXBuildFile; fileRef = 2174716A1FF327EC0044F7FE /* CalendarEnums.swift */; };
		2174717E1FF327EC0044F7FE /* UIScrollViewDelegates.swift in Sources */ = {isa = PBXBuildFile; fileRef = 2174716B1FF327EC0044F7FE /* UIScrollViewDelegates.swift */; };
		2174717F1FF327EC0044F7FE /* InternalQueryFunctions.swift in Sources */ = {isa = PBXBuildFile; fileRef = 2174716C1FF327EC0044F7FE /* InternalQueryFunctions.swift */; };
		217471801FF327EC0044F7FE /* Info-tvOS.plist in Resources */ = {isa = PBXBuildFile; fileRef = 2174716D1FF327EC0044F7FE /* Info-tvOS.plist */; };
		217471811FF327EC0044F7FE /* JTAppleCell.swift in Sources */ = {isa = PBXBuildFile; fileRef = 2174716E1FF327EC0044F7FE /* JTAppleCell.swift */; };
		217471821FF327EC0044F7FE /* JTAppleCalendarVariables.swift in Sources */ = {isa = PBXBuildFile; fileRef = 2174716F1FF327EC0044F7FE /* JTAppleCalendarVariables.swift */; };
		217471831FF327EC0044F7FE /* JTAppleCalendarLayout.swift in Sources */ = {isa = PBXBuildFile; fileRef = 217471701FF327EC0044F7FE /* JTAppleCalendarLayout.swift */; };
		217471841FF327EC0044F7FE /* UICollectionViewDelegates.swift in Sources */ = {isa = PBXBuildFile; fileRef = 217471711FF327EC0044F7FE /* UICollectionViewDelegates.swift */; };
		217471851FF327EC0044F7FE /* GlobalFunctionsAndExtensions.swift in Sources */ = {isa = PBXBuildFile; fileRef = 217471721FF327EC0044F7FE /* GlobalFunctionsAndExtensions.swift */; };
		217471871FF32C620044F7FE /* extensions.swift in Sources */ = {isa = PBXBuildFile; fileRef = 217471861FF32C620044F7FE /* extensions.swift */; };
		217471891FF32CF70044F7FE /* CustomCalendarCell.swift in Sources */ = {isa = PBXBuildFile; fileRef = 217471881FF32CF70044F7FE /* CustomCalendarCell.swift */; };
/* End PBXBuildFile section */

/* Begin PBXFileReference section */
		2174714B1FF327D30044F7FE /* Dev's Calendar.app */ = {isa = PBXFileReference; explicitFileType = wrapper.application; includeInIndex = 0; path = "Dev's Calendar.app"; sourceTree = BUILT_PRODUCTS_DIR; };
		2174714E1FF327D30044F7FE /* AppDelegate.swift */ = {isa = PBXFileReference; lastKnownFileType = sourcecode.swift; path = AppDelegate.swift; sourceTree = "<group>"; };
		217471501FF327D30044F7FE /* ViewController.swift */ = {isa = PBXFileReference; lastKnownFileType = sourcecode.swift; path = ViewController.swift; sourceTree = "<group>"; };
		217471551FF327D30044F7FE /* Assets.xcassets */ = {isa = PBXFileReference; lastKnownFileType = folder.assetcatalog; path = Assets.xcassets; sourceTree = "<group>"; };
		217471581FF327D30044F7FE /* Base */ = {isa = PBXFileReference; lastKnownFileType = file.storyboard; name = Base; path = Base.lproj/LaunchScreen.storyboard; sourceTree = "<group>"; };
		2174715A1FF327D30044F7FE /* Info.plist */ = {isa = PBXFileReference; lastKnownFileType = text.plist.xml; path = Info.plist; sourceTree = "<group>"; };
		217471611FF327EC0044F7FE /* JTAppleCalendarView.swift */ = {isa = PBXFileReference; fileEncoding = 4; lastKnownFileType = sourcecode.swift; path = JTAppleCalendarView.swift; sourceTree = "<group>"; };
		217471621FF327EC0044F7FE /* UserInteractionFunctions.swift */ = {isa = PBXFileReference; fileEncoding = 4; lastKnownFileType = sourcecode.swift; path = UserInteractionFunctions.swift; sourceTree = "<group>"; };
		217471631FF327EC0044F7FE /* Info-iOS.plist */ = {isa = PBXFileReference; fileEncoding = 4; lastKnownFileType = text.plist.xml; path = "Info-iOS.plist"; sourceTree = "<group>"; };
		217471641FF327EC0044F7FE /* JTAppleCalendarLayoutProtocol.swift */ = {isa = PBXFileReference; fileEncoding = 4; lastKnownFileType = sourcecode.swift; path = JTAppleCalendarLayoutProtocol.swift; sourceTree = "<group>"; };
		217471651FF327EC0044F7FE /* InternalActionFunctions.swift */ = {isa = PBXFileReference; fileEncoding = 4; lastKnownFileType = sourcecode.swift; path = InternalActionFunctions.swift; sourceTree = "<group>"; };
		217471661FF327EC0044F7FE /* JTAppleCollectionReusableView.swift */ = {isa = PBXFileReference; fileEncoding = 4; lastKnownFileType = sourcecode.swift; path = JTAppleCollectionReusableView.swift; sourceTree = "<group>"; };
		217471671FF327EC0044F7FE /* JTAppleCalendarDelegateProtocol.swift */ = {isa = PBXFileReference; fileEncoding = 4; lastKnownFileType = sourcecode.swift; path = JTAppleCalendarDelegateProtocol.swift; sourceTree = "<group>"; };
		217471681FF327EC0044F7FE /* JTCalendarProtocols.swift */ = {isa = PBXFileReference; fileEncoding = 4; lastKnownFileType = sourcecode.swift; path = JTCalendarProtocols.swift; sourceTree = "<group>"; };
		217471691FF327EC0044F7FE /* CalendarStructs.swift */ = {isa = PBXFileReference; fileEncoding = 4; lastKnownFileType = sourcecode.swift; path = CalendarStructs.swift; sourceTree = "<group>"; };
		2174716A1FF327EC0044F7FE /* CalendarEnums.swift */ = {isa = PBXFileReference; fileEncoding = 4; lastKnownFileType = sourcecode.swift; path = CalendarEnums.swift; sourceTree = "<group>"; };
		2174716B1FF327EC0044F7FE /* UIScrollViewDelegates.swift */ = {isa = PBXFileReference; fileEncoding = 4; lastKnownFileType = sourcecode.swift; path = UIScrollViewDelegates.swift; sourceTree = "<group>"; };
		2174716C1FF327EC0044F7FE /* InternalQueryFunctions.swift */ = {isa = PBXFileReference; fileEncoding = 4; lastKnownFileType = sourcecode.swift; path = InternalQueryFunctions.swift; sourceTree = "<group>"; };
		2174716D1FF327EC0044F7FE /* Info-tvOS.plist */ = {isa = PBXFileReference; fileEncoding = 4; lastKnownFileType = text.plist.xml; path = "Info-tvOS.plist"; sourceTree = "<group>"; };
		2174716E1FF327EC0044F7FE /* JTAppleCell.swift */ = {isa = PBXFileReference; fileEncoding = 4; lastKnownFileType = sourcecode.swift; path = JTAppleCell.swift; sourceTree = "<group>"; };
		2174716F1FF327EC0044F7FE /* JTAppleCalendarVariables.swift */ = {isa = PBXFileReference; fileEncoding = 4; lastKnownFileType = sourcecode.swift; path = JTAppleCalendarVariables.swift; sourceTree = "<group>"; };
		217471701FF327EC0044F7FE /* JTAppleCalendarLayout.swift */ = {isa = PBXFileReference; fileEncoding = 4; lastKnownFileType = sourcecode.swift; path = JTAppleCalendarLayout.swift; sourceTree = "<group>"; };
		217471711FF327EC0044F7FE /* UICollectionViewDelegates.swift */ = {isa = PBXFileReference; fileEncoding = 4; lastKnownFileType = sourcecode.swift; path = UICollectionViewDelegates.swift; sourceTree = "<group>"; };
		217471721FF327EC0044F7FE /* GlobalFunctionsAndExtensions.swift */ = {isa = PBXFileReference; fileEncoding = 4; lastKnownFileType = sourcecode.swift; path = GlobalFunctionsAndExtensions.swift; sourceTree = "<group>"; };
		217471861FF32C620044F7FE /* extensions.swift */ = {isa = PBXFileReference; lastKnownFileType = sourcecode.swift; path = extensions.swift; sourceTree = "<group>"; };
		217471881FF32CF70044F7FE /* CustomCalendarCell.swift */ = {isa = PBXFileReference; lastKnownFileType = sourcecode.swift; path = CustomCalendarCell.swift; sourceTree = "<group>"; };
/* End PBXFileReference section */

/* Begin PBXFrameworksBuildPhase section */
		217471481FF327D30044F7FE /* Frameworks */ = {
			isa = PBXFrameworksBuildPhase;
			buildActionMask = 2147483647;
			files = (
			);
			runOnlyForDeploymentPostprocessing = 0;
		};
/* End PBXFrameworksBuildPhase section */

/* Begin PBXGroup section */
		217471421FF327D30044F7FE = {
			isa = PBXGroup;
			children = (
				217471601FF327EC0044F7FE /* Sources */,
				2174714D1FF327D30044F7FE /* Dev's Calendar */,
				2174714C1FF327D30044F7FE /* Products */,
			);
			sourceTree = "<group>";
		};
		2174714C1FF327D30044F7FE /* Products */ = {
			isa = PBXGroup;
			children = (
				2174714B1FF327D30044F7FE /* Dev's Calendar.app */,
			);
			name = Products;
			sourceTree = "<group>";
		};
		2174714D1FF327D30044F7FE /* Dev's Calendar */ = {
			isa = PBXGroup;
			children = (
				2174714E1FF327D30044F7FE /* AppDelegate.swift */,
				217471501FF327D30044F7FE /* ViewController.swift */,
				217471551FF327D30044F7FE /* Assets.xcassets */,
				217471571FF327D30044F7FE /* LaunchScreen.storyboard */,
				2174715A1FF327D30044F7FE /* Info.plist */,
				217471861FF32C620044F7FE /* extensions.swift */,
				217471881FF32CF70044F7FE /* CustomCalendarCell.swift */,
			);
			path = "Dev's Calendar";
			sourceTree = "<group>";
		};
		217471601FF327EC0044F7FE /* Sources */ = {
			isa = PBXGroup;
			children = (
				217471611FF327EC0044F7FE /* JTAppleCalendarView.swift */,
				217471621FF327EC0044F7FE /* UserInteractionFunctions.swift */,
				217471631FF327EC0044F7FE /* Info-iOS.plist */,
				217471641FF327EC0044F7FE /* JTAppleCalendarLayoutProtocol.swift */,
				217471651FF327EC0044F7FE /* InternalActionFunctions.swift */,
				217471661FF327EC0044F7FE /* JTAppleCollectionReusableView.swift */,
				217471671FF327EC0044F7FE /* JTAppleCalendarDelegateProtocol.swift */,
				217471681FF327EC0044F7FE /* JTCalendarProtocols.swift */,
				217471691FF327EC0044F7FE /* CalendarStructs.swift */,
				2174716A1FF327EC0044F7FE /* CalendarEnums.swift */,
				2174716B1FF327EC0044F7FE /* UIScrollViewDelegates.swift */,
				2174716C1FF327EC0044F7FE /* InternalQueryFunctions.swift */,
				2174716D1FF327EC0044F7FE /* Info-tvOS.plist */,
				2174716E1FF327EC0044F7FE /* JTAppleCell.swift */,
				2174716F1FF327EC0044F7FE /* JTAppleCalendarVariables.swift */,
				217471701FF327EC0044F7FE /* JTAppleCalendarLayout.swift */,
				217471711FF327EC0044F7FE /* UICollectionViewDelegates.swift */,
				217471721FF327EC0044F7FE /* GlobalFunctionsAndExtensions.swift */,
			);
			path = Sources;
			sourceTree = "<group>";
		};
/* End PBXGroup section */

/* Begin PBXNativeTarget section */
		2174714A1FF327D30044F7FE /* Dev's Calendar */ = {
			isa = PBXNativeTarget;
			buildConfigurationList = 2174715D1FF327D30044F7FE /* Build configuration list for PBXNativeTarget "Dev's Calendar" */;
			buildPhases = (
				217471471FF327D30044F7FE /* Sources */,
				217471481FF327D30044F7FE /* Frameworks */,
				217471491FF327D30044F7FE /* Resources */,
			);
			buildRules = (
			);
			dependencies = (
			);
			name = "Dev's Calendar";
			productName = "Dev's Calendar";
			productReference = 2174714B1FF327D30044F7FE /* Dev's Calendar.app */;
			productType = "com.apple.product-type.application";
		};
/* End PBXNativeTarget section */

/* Begin PBXProject section */
		217471431FF327D30044F7FE /* Project object */ = {
			isa = PBXProject;
			attributes = {
				LastSwiftUpdateCheck = 0920;
				LastUpgradeCheck = 0920;
				ORGANIZATIONNAME = "Devontae Reid";
				TargetAttributes = {
					2174714A1FF327D30044F7FE = {
						CreatedOnToolsVersion = 9.2;
						ProvisioningStyle = Automatic;
					};
				};
			};
			buildConfigurationList = 217471461FF327D30044F7FE /* Build configuration list for PBXProject "Dev's Calendar" */;
			compatibilityVersion = "Xcode 8.0";
			developmentRegion = en;
			hasScannedForEncodings = 0;
			knownRegions = (
				en,
				Base,
			);
			mainGroup = 217471421FF327D30044F7FE;
			productRefGroup = 2174714C1FF327D30044F7FE /* Products */;
			projectDirPath = "";
			projectRoot = "";
			targets = (
				2174714A1FF327D30044F7FE /* Dev's Calendar */,
			);
		};
/* End PBXProject section */

/* Begin PBXResourcesBuildPhase section */
		217471491FF327D30044F7FE /* Resources */ = {
			isa = PBXResourcesBuildPhase;
			buildActionMask = 2147483647;
			files = (
				217471801FF327EC0044F7FE /* Info-tvOS.plist in Resources */,
				217471761FF327EC0044F7FE /* Info-iOS.plist in Resources */,
				217471591FF327D30044F7FE /* LaunchScreen.storyboard in Resources */,
				217471561FF327D30044F7FE /* Assets.xcassets in Resources */,
			);
			runOnlyForDeploymentPostprocessing = 0;
		};
/* End PBXResourcesBuildPhase section */

/* Begin PBXSourcesBuildPhase section */
		217471471FF327D30044F7FE /* Sources */ = {
			isa = PBXSourcesBuildPhase;
			buildActionMask = 2147483647;
			files = (
				217471891FF32CF70044F7FE /* CustomCalendarCell.swift in Sources */,
				217471771FF327EC0044F7FE /* JTAppleCalendarLayoutProtocol.swift in Sources */,
				2174717B1FF327EC0044F7FE /* JTCalendarProtocols.swift in Sources */,
				217471811FF327EC0044F7FE /* JTAppleCell.swift in Sources */,
				217471841FF327EC0044F7FE /* UICollectionViewDelegates.swift in Sources */,
				217471511FF327D30044F7FE /* ViewController.swift in Sources */,
				2174717D1FF327EC0044F7FE /* CalendarEnums.swift in Sources */,
				217471871FF32C620044F7FE /* extensions.swift in Sources */,
				2174717E1FF327EC0044F7FE /* UIScrollViewDelegates.swift in Sources */,
				217471751FF327EC0044F7FE /* UserInteractionFunctions.swift in Sources */,
				2174717C1FF327EC0044F7FE /* CalendarStructs.swift in Sources */,
				217471741FF327EC0044F7FE /* JTAppleCalendarView.swift in Sources */,
				217471791FF327EC0044F7FE /* JTAppleCollectionReusableView.swift in Sources */,
				217471781FF327EC0044F7FE /* InternalActionFunctions.swift in Sources */,
				2174714F1FF327D30044F7FE /* AppDelegate.swift in Sources */,
				217471821FF327EC0044F7FE /* JTAppleCalendarVariables.swift in Sources */,
				217471851FF327EC0044F7FE /* GlobalFunctionsAndExtensions.swift in Sources */,
				2174717F1FF327EC0044F7FE /* InternalQueryFunctions.swift in Sources */,
				217471831FF327EC0044F7FE /* JTAppleCalendarLayout.swift in Sources */,
				2174717A1FF327EC0044F7FE /* JTAppleCalendarDelegateProtocol.swift in Sources */,
			);
			runOnlyForDeploymentPostprocessing = 0;
		};
/* End PBXSourcesBuildPhase section */

/* Begin PBXVariantGroup section */
		217471571FF327D30044F7FE /* LaunchScreen.storyboard */ = {
			isa = PBXVariantGroup;
			children = (
				217471581FF327D30044F7FE /* Base */,
			);
			name = LaunchScreen.storyboard;
			sourceTree = "<group>";
		};
/* End PBXVariantGroup section */

/* Begin XCBuildConfiguration section */
		2174715B1FF327D30044F7FE /* Debug */ = {
			isa = XCBuildConfiguration;
			buildSettings = {
				ALWAYS_SEARCH_USER_PATHS = NO;
				CLANG_ANALYZER_NONNULL = YES;
				CLANG_ANALYZER_NUMBER_OBJECT_CONVERSION = YES_AGGRESSIVE;
				CLANG_CXX_LANGUAGE_STANDARD = "gnu++14";
				CLANG_CXX_LIBRARY = "libc++";
				CLANG_ENABLE_MODULES = YES;
				CLANG_ENABLE_OBJC_ARC = YES;
				CLANG_WARN_BLOCK_CAPTURE_AUTORELEASING = YES;
				CLANG_WARN_BOOL_CONVERSION = YES;
				CLANG_WARN_COMMA = YES;
				CLANG_WARN_CONSTANT_CONVERSION = YES;
				CLANG_WARN_DIRECT_OBJC_ISA_USAGE = YES_ERROR;
				CLANG_WARN_DOCUMENTATION_COMMENTS = YES;
				CLANG_WARN_EMPTY_BODY = YES;
				CLANG_WARN_ENUM_CONVERSION = YES;
				CLANG_WARN_INFINITE_RECURSION = YES;
				CLANG_WARN_INT_CONVERSION = YES;
				CLANG_WARN_NON_LITERAL_NULL_CONVERSION = YES;
				CLANG_WARN_OBJC_LITERAL_CONVERSION = YES;
				CLANG_WARN_OBJC_ROOT_CLASS = YES_ERROR;
				CLANG_WARN_RANGE_LOOP_ANALYSIS = YES;
				CLANG_WARN_STRICT_PROTOTYPES = YES;
				CLANG_WARN_SUSPICIOUS_MOVE = YES;
				CLANG_WARN_UNGUARDED_AVAILABILITY = YES_AGGRESSIVE;
				CLANG_WARN_UNREACHABLE_CODE = YES;
				CLANG_WARN__DUPLICATE_METHOD_MATCH = YES;
				CODE_SIGN_IDENTITY = "iPhone Developer";
				COPY_PHASE_STRIP = NO;
				DEBUG_INFORMATION_FORMAT = dwarf;
				ENABLE_STRICT_OBJC_MSGSEND = YES;
				ENABLE_TESTABILITY = YES;
				GCC_C_LANGUAGE_STANDARD = gnu11;
				GCC_DYNAMIC_NO_PIC = NO;
				GCC_NO_COMMON_BLOCKS = YES;
				GCC_OPTIMIZATION_LEVEL = 0;
				GCC_PREPROCESSOR_DEFINITIONS = (
					"DEBUG=1",
					"$(inherited)",
				);
				GCC_WARN_64_TO_32_BIT_CONVERSION = YES;
				GCC_WARN_ABOUT_RETURN_TYPE = YES_ERROR;
				GCC_WARN_UNDECLARED_SELECTOR = YES;
				GCC_WARN_UNINITIALIZED_AUTOS = YES_AGGRESSIVE;
				GCC_WARN_UNUSED_FUNCTION = YES;
				GCC_WARN_UNUSED_VARIABLE = YES;
				IPHONEOS_DEPLOYMENT_TARGET = 11.2;
				MTL_ENABLE_DEBUG_INFO = YES;
				ONLY_ACTIVE_ARCH = YES;
				SDKROOT = iphoneos;
				SWIFT_ACTIVE_COMPILATION_CONDITIONS = DEBUG;
				SWIFT_OPTIMIZATION_LEVEL = "-Onone";
			};
			name = Debug;
		};
		2174715C1FF327D30044F7FE /* Release */ = {
			isa = XCBuildConfiguration;
			buildSettings = {
				ALWAYS_SEARCH_USER_PATHS = NO;
				CLANG_ANALYZER_NONNULL = YES;
				CLANG_ANALYZER_NUMBER_OBJECT_CONVERSION = YES_AGGRESSIVE;
				CLANG_CXX_LANGUAGE_STANDARD = "gnu++14";
				CLANG_CXX_LIBRARY = "libc++";
				CLANG_ENABLE_MODULES = YES;
				CLANG_ENABLE_OBJC_ARC = YES;
				CLANG_WARN_BLOCK_CAPTURE_AUTORELEASING = YES;
				CLANG_WARN_BOOL_CONVERSION = YES;
				CLANG_WARN_COMMA = YES;
				CLANG_WARN_CONSTANT_CONVERSION = YES;
				CLANG_WARN_DIRECT_OBJC_ISA_USAGE = YES_ERROR;
				CLANG_WARN_DOCUMENTATION_COMMENTS = YES;
				CLANG_WARN_EMPTY_BODY = YES;
				CLANG_WARN_ENUM_CONVERSION = YES;
				CLANG_WARN_INFINITE_RECURSION = YES;
				CLANG_WARN_INT_CONVERSION = YES;
				CLANG_WARN_NON_LITERAL_NULL_CONVERSION = YES;
				CLANG_WARN_OBJC_LITERAL_CONVERSION = YES;
				CLANG_WARN_OBJC_ROOT_CLASS = YES_ERROR;
				CLANG_WARN_RANGE_LOOP_ANALYSIS = YES;
				CLANG_WARN_STRICT_PROTOTYPES = YES;
				CLANG_WARN_SUSPICIOUS_MOVE = YES;
				CLANG_WARN_UNGUARDED_AVAILABILITY = YES_AGGRESSIVE;
				CLANG_WARN_UNREACHABLE_CODE = YES;
				CLANG_WARN__DUPLICATE_METHOD_MATCH = YES;
				CODE_SIGN_IDENTITY = "iPhone Developer";
				COPY_PHASE_STRIP = NO;
				DEBUG_INFORMATION_FORMAT = "dwarf-with-dsym";
				ENABLE_NS_ASSERTIONS = NO;
				ENABLE_STRICT_OBJC_MSGSEND = YES;
				GCC_C_LANGUAGE_STANDARD = gnu11;
				GCC_NO_COMMON_BLOCKS = YES;
				GCC_WARN_64_TO_32_BIT_CONVERSION = YES;
				GCC_WARN_ABOUT_RETURN_TYPE = YES_ERROR;
				GCC_WARN_UNDECLARED_SELECTOR = YES;
				GCC_WARN_UNINITIALIZED_AUTOS = YES_AGGRESSIVE;
				GCC_WARN_UNUSED_FUNCTION = YES;
				GCC_WARN_UNUSED_VARIABLE = YES;
				IPHONEOS_DEPLOYMENT_TARGET = 11.2;
				MTL_ENABLE_DEBUG_INFO = NO;
				SDKROOT = iphoneos;
				SWIFT_OPTIMIZATION_LEVEL = "-Owholemodule";
				VALIDATE_PRODUCT = YES;
			};
			name = Release;
		};
		2174715E1FF327D30044F7FE /* Debug */ = {
			isa = XCBuildConfiguration;
			buildSettings = {
				ASSETCATALOG_COMPILER_APPICON_NAME = AppIcon;
				CODE_SIGN_STYLE = Automatic;
				DEVELOPMENT_TEAM = PQP9S9S72V;
				INFOPLIST_FILE = "Dev's Calendar/Info.plist";
				LD_RUNPATH_SEARCH_PATHS = "$(inherited) @executable_path/Frameworks";
				PRODUCT_BUNDLE_IDENTIFIER = "devdoesit.Dev-s-Calendar";
				PRODUCT_NAME = "$(TARGET_NAME)";
				SWIFT_VERSION = 4.0;
				TARGETED_DEVICE_FAMILY = "1,2";
			};
			name = Debug;
		};
		2174715F1FF327D30044F7FE /* Release */ = {
			isa = XCBuildConfiguration;
			buildSettings = {
				ASSETCATALOG_COMPILER_APPICON_NAME = AppIcon;
				CODE_SIGN_STYLE = Automatic;
				DEVELOPMENT_TEAM = PQP9S9S72V;
				INFOPLIST_FILE = "Dev's Calendar/Info.plist";
				LD_RUNPATH_SEARCH_PATHS = "$(inherited) @executable_path/Frameworks";
				PRODUCT_BUNDLE_IDENTIFIER = "devdoesit.Dev-s-Calendar";
				PRODUCT_NAME = "$(TARGET_NAME)";
				SWIFT_VERSION = 4.0;
				TARGETED_DEVICE_FAMILY = "1,2";
			};
			name = Release;
		};
/* End XCBuildConfiguration section */

/* Begin XCConfigurationList section */
		217471461FF327D30044F7FE /* Build configuration list for PBXProject "Dev's Calendar" */ = {
			isa = XCConfigurationList;
			buildConfigurations = (
				2174715B1FF327D30044F7FE /* Debug */,
				2174715C1FF327D30044F7FE /* Release */,
			);
			defaultConfigurationIsVisible = 0;
			defaultConfigurationName = Release;
		};
		2174715D1FF327D30044F7FE /* Build configuration list for PBXNativeTarget "Dev's Calendar" */ = {
			isa = XCConfigurationList;
			buildConfigurations = (
				2174715E1FF327D30044F7FE /* Debug */,
				2174715F1FF327D30044F7FE /* Release */,
			);
			defaultConfigurationIsVisible = 0;
			defaultConfigurationName = Release;
		};
/* End XCConfigurationList section */
	};
	rootObject = 217471431FF327D30044F7FE /* Project object */;
}
